
Microsoft Visual Studio Solution File, Format Version 12.00
Project("{FAE04EC0-301F-11D3-BF4B-00C04F79EFBC}") = "vrc-oscquery-lib", "vrc-oscquery-lib\vrc-oscquery-lib.csproj", "{8E5E6E26-3714-4280-8CBB-CE413774E5BC}"
EndProject
Project("{FAE04EC0-301F-11D3-BF4B-00C04F79EFBC}") = "vrc-oscquery-tests", "Tests\vrc-oscquery-tests\vrc-oscquery-tests.csproj", "{9A789B5A-0224-4049-9694-DB04956B5CF1}"
EndProject
Project("{FAE04EC0-301F-11D3-BF4B-00C04F79EFBC}") = "serviceTester", "Examples\serviceTester\serviceTester.csproj", "{4FCDB84E-109B-4F8E-AED7-0C3416A42813}"
EndProject
Global
	GlobalSection(SolutionConfigurationPlatforms) = preSolution
		Debug|Any CPU = Debug|Any CPU
		Release|Any CPU = Release|Any CPU
	EndGlobalSection
	GlobalSection(ProjectConfigurationPlatforms) = postSolution
		{8E5E6E26-3714-4280-8CBB-CE413774E5BC}.Debug|Any CPU.ActiveCfg = Debug|Any CPU
		{8E5E6E26-3714-4280-8CBB-CE413774E5BC}.Debug|Any CPU.Build.0 = Debug|Any CPU
		{8E5E6E26-3714-4280-8CBB-CE413774E5BC}.Release|Any CPU.ActiveCfg = Release|Any CPU
		{8E5E6E26-3714-4280-8CBB-CE413774E5BC}.Release|Any CPU.Build.0 = Release|Any CPU
		{9A789B5A-0224-4049-9694-DB04956B5CF1}.Debug|Any CPU.ActiveCfg = Debug|Any CPU
		{9A789B5A-0224-4049-9694-DB04956B5CF1}.Debug|Any CPU.Build.0 = Debug|Any CPU
		{9A789B5A-0224-4049-9694-DB04956B5CF1}.Release|Any CPU.ActiveCfg = Release|Any CPU
		{9A789B5A-0224-4049-9694-DB04956B5CF1}.Release|Any CPU.Build.0 = Release|Any CPU
		{4FCDB84E-109B-4F8E-AED7-0C3416A42813}.Debug|Any CPU.ActiveCfg = Debug|Any CPU
		{4FCDB84E-109B-4F8E-AED7-0C3416A42813}.Debug|Any CPU.Build.0 = Debug|Any CPU
		{4FCDB84E-109B-4F8E-AED7-0C3416A42813}.Release|Any CPU.ActiveCfg = Release|Any CPU
		{4FCDB84E-109B-4F8E-AED7-0C3416A42813}.Release|Any CPU.Build.0 = Release|Any CPU
	EndGlobalSection
EndGlobal
